
Microsoft Visual Studio Solution File, Format Version 12.00
# Visual Studio Version 17
VisualStudioVersion = 17.3.32819.101
MinimumVisualStudioVersion = 10.0.40219.1
Project("{FAE04EC0-301F-11D3-BF4B-00C04F79EFBC}") = "Split-PDF-document-NET", "Split-PDF-document-NET\Split-PDF-document-NET.csproj", "{9D10EFC1-45FE-42A3-875B-A586C813E371}"
EndProject
Global
	GlobalSection(SolutionConfigurationPlatforms) = preSolution
		Debug|Any CPU = Debug|Any CPU
		Release|Any CPU = Release|Any CPU
	EndGlobalSection
	GlobalSection(ProjectConfigurationPlatforms) = postSolution
		{9D10EFC1-45FE-42A3-875B-A586C813E371}.Debug|Any CPU.ActiveCfg = Debug|Any CPU
		{9D10EFC1-45FE-42A3-875B-A586C813E371}.Debug|Any CPU.Build.0 = Debug|Any CPU
		{9D10EFC1-45FE-42A3-875B-A586C813E371}.Release|Any CPU.ActiveCfg = Release|Any CPU
		{9D10EFC1-45FE-42A3-875B-A586C813E371}.Release|Any CPU.Build.0 = Release|Any CPU
	EndGlobalSection
	GlobalSection(SolutionProperties) = preSolution
		HideSolutionNode = FALSE
	EndGlobalSection
	GlobalSection(ExtensibilityGlobals) = postSolution
		SolutionGuid = {98FEB657-70C6-4BB0-B06E-7D44C5576D96}
	EndGlobalSection
EndGlobal
