
Microsoft Visual Studio Solution File, Format Version 12.00
# Visual Studio Version 17
VisualStudioVersion = 17.3.32819.101
MinimumVisualStudioVersion = 10.0.40219.1
Project("{FAE04EC0-301F-11D3-BF4B-00C04F79EFBC}") = "Create-PDF-document", "Create-PDF-document\Create-PDF-document.csproj", "{A9BD626A-CF8A-45AF-AC4B-005AA189F78A}"
EndProject
Global
	GlobalSection(SolutionConfigurationPlatforms) = preSolution
		Debug|Any CPU = Debug|Any CPU
		Release|Any CPU = Release|Any CPU
	EndGlobalSection
	GlobalSection(ProjectConfigurationPlatforms) = postSolution
		{A9BD626A-CF8A-45AF-AC4B-005AA189F78A}.Debug|Any CPU.ActiveCfg = Debug|Any CPU
		{A9BD626A-CF8A-45AF-AC4B-005AA189F78A}.Debug|Any CPU.Build.0 = Debug|Any CPU
		{A9BD626A-CF8A-45AF-AC4B-005AA189F78A}.Release|Any CPU.ActiveCfg = Release|Any CPU
		{A9BD626A-CF8A-45AF-AC4B-005AA189F78A}.Release|Any CPU.Build.0 = Release|Any CPU
	EndGlobalSection
	GlobalSection(SolutionProperties) = preSolution
		HideSolutionNode = FALSE
	EndGlobalSection
	GlobalSection(ExtensibilityGlobals) = postSolution
		SolutionGuid = {79C5D635-7161-4443-97CF-F6067AB44F5C}
	EndGlobalSection
EndGlobal
