
Microsoft Visual Studio Solution File, Format Version 12.00
# Visual Studio Version 17
VisualStudioVersion = 17.3.32819.101
MinimumVisualStudioVersion = 10.0.40219.1
Project("{FAE04EC0-301F-11D3-BF4B-00C04F79EFBC}") = "Create-PDF-form-NET", "Create-PDF-form-NET\Create-PDF-form-NET.csproj", "{65EA7E00-DEC5-430B-865F-BEE41B18D506}"
EndProject
Global
	GlobalSection(SolutionConfigurationPlatforms) = preSolution
		Debug|Any CPU = Debug|Any CPU
		Release|Any CPU = Release|Any CPU
	EndGlobalSection
	GlobalSection(ProjectConfigurationPlatforms) = postSolution
		{65EA7E00-DEC5-430B-865F-BEE41B18D506}.Debug|Any CPU.ActiveCfg = Debug|Any CPU
		{65EA7E00-DEC5-430B-865F-BEE41B18D506}.Debug|Any CPU.Build.0 = Debug|Any CPU
		{65EA7E00-DEC5-430B-865F-BEE41B18D506}.Release|Any CPU.ActiveCfg = Release|Any CPU
		{65EA7E00-DEC5-430B-865F-BEE41B18D506}.Release|Any CPU.Build.0 = Release|Any CPU
	EndGlobalSection
	GlobalSection(SolutionProperties) = preSolution
		HideSolutionNode = FALSE
	EndGlobalSection
	GlobalSection(ExtensibilityGlobals) = postSolution
		SolutionGuid = {24DD60FF-F08E-44F1-876F-8D040CA0DCB6}
	EndGlobalSection
EndGlobal
